
Microsoft Visual Studio Solution File, Format Version 12.00
# Visual Studio Version 17
VisualStudioVersion = 17.3.32819.101
MinimumVisualStudioVersion = 10.0.40219.1
Project("{FAE04EC0-301F-11D3-BF4B-00C04F79EFBC}") = "RabbitMQ.ESB.MassTransit.Consumer", "RabbitMQ.ESB.MassTransit.Consumer\RabbitMQ.ESB.MassTransit.Consumer.csproj", "{1E1FF466-D26A-4B33-9CD5-C7DCDE2576C6}"
EndProject
Project("{FAE04EC0-301F-11D3-BF4B-00C04F79EFBC}") = "RabbitMQ.ESB.MassTransit.Publisher", "..\RabbitMQ.ESB.MassTransit.Publisher\RabbitMQ.ESB.MassTransit.Publisher.csproj", "{BE2472F1-2349-4D6F-B2C9-EC429311F42B}"
EndProject
Project("{FAE04EC0-301F-11D3-BF4B-00C04F79EFBC}") = "RabbitMQ.ESB.MassTransit.Shared", "..\RabbitMQ.ESB.MassTransit.Shared\RabbitMQ.ESB.MassTransit.Shared.csproj", "{2CB49006-F9C1-4E93-913C-B6FB7B906E65}"
EndProject
Global
	GlobalSection(SolutionConfigurationPlatforms) = preSolution
		Debug|Any CPU = Debug|Any CPU
		Release|Any CPU = Release|Any CPU
	EndGlobalSection
	GlobalSection(ProjectConfigurationPlatforms) = postSolution
		{1E1FF466-D26A-4B33-9CD5-C7DCDE2576C6}.Debug|Any CPU.ActiveCfg = Debug|Any CPU
		{1E1FF466-D26A-4B33-9CD5-C7DCDE2576C6}.Debug|Any CPU.Build.0 = Debug|Any CPU
		{1E1FF466-D26A-4B33-9CD5-C7DCDE2576C6}.Release|Any CPU.ActiveCfg = Release|Any CPU
		{1E1FF466-D26A-4B33-9CD5-C7DCDE2576C6}.Release|Any CPU.Build.0 = Release|Any CPU
		{BE2472F1-2349-4D6F-B2C9-EC429311F42B}.Debug|Any CPU.ActiveCfg = Debug|Any CPU
		{BE2472F1-2349-4D6F-B2C9-EC429311F42B}.Debug|Any CPU.Build.0 = Debug|Any CPU
		{BE2472F1-2349-4D6F-B2C9-EC429311F42B}.Release|Any CPU.ActiveCfg = Release|Any CPU
		{BE2472F1-2349-4D6F-B2C9-EC429311F42B}.Release|Any CPU.Build.0 = Release|Any CPU
		{2CB49006-F9C1-4E93-913C-B6FB7B906E65}.Debug|Any CPU.ActiveCfg = Debug|Any CPU
		{2CB49006-F9C1-4E93-913C-B6FB7B906E65}.Debug|Any CPU.Build.0 = Debug|Any CPU
		{2CB49006-F9C1-4E93-913C-B6FB7B906E65}.Release|Any CPU.ActiveCfg = Release|Any CPU
		{2CB49006-F9C1-4E93-913C-B6FB7B906E65}.Release|Any CPU.Build.0 = Release|Any CPU
	EndGlobalSection
	GlobalSection(SolutionProperties) = preSolution
		HideSolutionNode = FALSE
	EndGlobalSection
	GlobalSection(ExtensibilityGlobals) = postSolution
		SolutionGuid = {796F16FF-97DE-406E-BA92-2BA8C6D58C75}
	EndGlobalSection
EndGlobal
