
Microsoft Visual Studio Solution File, Format Version 12.00
# Visual Studio Version 17
VisualStudioVersion = 17.5.33424.131
MinimumVisualStudioVersion = 10.0.40219.1
Project("{FAE04EC0-301F-11D3-BF4B-00C04F79EFBC}") = "RabbitMQ.Publisher", "RabbitMQ.Publisher.csproj", "{D04E8320-58A4-4C41-84A9-D6806F32AA50}"
EndProject
Project("{FAE04EC0-301F-11D3-BF4B-00C04F79EFBC}") = "RabbitMQ.Consumer", "..\RabbitMQ.Consumer\RabbitMQ.Consumer.csproj", "{A46294BC-C8D0-49E6-8100-D6225BF03F7A}"
EndProject
Global
	GlobalSection(SolutionConfigurationPlatforms) = preSolution
		Debug|Any CPU = Debug|Any CPU
		Release|Any CPU = Release|Any CPU
	EndGlobalSection
	GlobalSection(ProjectConfigurationPlatforms) = postSolution
		{D04E8320-58A4-4C41-84A9-D6806F32AA50}.Debug|Any CPU.ActiveCfg = Debug|Any CPU
		{D04E8320-58A4-4C41-84A9-D6806F32AA50}.Debug|Any CPU.Build.0 = Debug|Any CPU
		{D04E8320-58A4-4C41-84A9-D6806F32AA50}.Release|Any CPU.ActiveCfg = Release|Any CPU
		{D04E8320-58A4-4C41-84A9-D6806F32AA50}.Release|Any CPU.Build.0 = Release|Any CPU
		{A46294BC-C8D0-49E6-8100-D6225BF03F7A}.Debug|Any CPU.ActiveCfg = Debug|Any CPU
		{A46294BC-C8D0-49E6-8100-D6225BF03F7A}.Debug|Any CPU.Build.0 = Debug|Any CPU
		{A46294BC-C8D0-49E6-8100-D6225BF03F7A}.Release|Any CPU.ActiveCfg = Release|Any CPU
		{A46294BC-C8D0-49E6-8100-D6225BF03F7A}.Release|Any CPU.Build.0 = Release|Any CPU
	EndGlobalSection
	GlobalSection(SolutionProperties) = preSolution
		HideSolutionNode = FALSE
	EndGlobalSection
	GlobalSection(ExtensibilityGlobals) = postSolution
		SolutionGuid = {AE90C523-9EE4-4A1D-9500-76ACCC2274D7}
	EndGlobalSection
EndGlobal
